// !$*UTF8*$!
{
	archiveVersion = 1;
	classes = {
	};
	objectVersion = 51;
	objects = {

/* Begin PBXBuildFile section */
		2345DE7524AB90BE007723E0 /* AppDelegate.swift in Sources */ = {isa = PBXBuildFile; fileRef = 2345DE7424AB90BE007723E0 /* AppDelegate.swift */; };
		2345DE7724AB90BE007723E0 /* SceneDelegate.swift in Sources */ = {isa = PBXBuildFile; fileRef = 2345DE7624AB90BE007723E0 /* SceneDelegate.swift */; };
		2345DE7924AB90BE007723E0 /* ViewController.swift in Sources */ = {isa = PBXBuildFile; fileRef = 2345DE7824AB90BE007723E0 /* ViewController.swift */; };
		2345DE7C24AB90BE007723E0 /* Main.storyboard in Resources */ = {isa = PBXBuildFile; fileRef = 2345DE7A24AB90BE007723E0 /* Main.storyboard */; };
		2345DE7E24AB90BF007723E0 /* Assets.xcassets in Resources */ = {isa = PBXBuildFile; fileRef = 2345DE7D24AB90BF007723E0 /* Assets.xcassets */; };
		2345DE8124AB90BF007723E0 /* LaunchScreen.storyboard in Resources */ = {isa = PBXBuildFile; fileRef = 2345DE7F24AB90BF007723E0 /* LaunchScreen.storyboard */; };
		2345DE8924AB947A007723E0 /* GoogleService-Info.plist in Resources */ = {isa = PBXBuildFile; fileRef = 2345DE8824AB947A007723E0 /* GoogleService-Info.plist */; };
		2345DE8C24AC6786007723E0 /* LoginViewController.swift in Sources */ = {isa = PBXBuildFile; fileRef = 2345DE8A24AC6786007723E0 /* LoginViewController.swift */; };
		2345DE8D24AC6786007723E0 /* LoginViewController.xib in Resources */ = {isa = PBXBuildFile; fileRef = 2345DE8B24AC6786007723E0 /* LoginViewController.xib */; };
		2360D7A324AE10B400EB3849 /* Pods_coffeeTime.framework in Frameworks */ = {isa = PBXBuildFile; fileRef = 2924B21F65C38FDC1BA38064 /* Pods_coffeeTime.framework */; };
		2360D7A424AE10B400EB3849 /* Pods_coffeeTime.framework in Embed Frameworks */ = {isa = PBXBuildFile; fileRef = 2924B21F65C38FDC1BA38064 /* Pods_coffeeTime.framework */; settings = {ATTRIBUTES = (CodeSignOnCopy, RemoveHeadersOnCopy, ); }; };
/* End PBXBuildFile section */

/* Begin PBXCopyFilesBuildPhase section */
		2360D7A524AE10B400EB3849 /* Embed Frameworks */ = {
			isa = PBXCopyFilesBuildPhase;
			buildActionMask = 2147483647;
			dstPath = "";
			dstSubfolderSpec = 10;
			files = (
				2360D7A424AE10B400EB3849 /* Pods_coffeeTime.framework in Embed Frameworks */,
			);
			name = "Embed Frameworks";
			runOnlyForDeploymentPostprocessing = 0;
		};
/* End PBXCopyFilesBuildPhase section */

/* Begin PBXFileReference section */
		2345DE7124AB90BE007723E0 /* coffeeTime.app */ = {isa = PBXFileReference; explicitFileType = wrapper.application; includeInIndex = 0; path = coffeeTime.app; sourceTree = BUILT_PRODUCTS_DIR; };
		2345DE7424AB90BE007723E0 /* AppDelegate.swift */ = {isa = PBXFileReference; lastKnownFileType = sourcecode.swift; path = AppDelegate.swift; sourceTree = "<group>"; };
		2345DE7624AB90BE007723E0 /* SceneDelegate.swift */ = {isa = PBXFileReference; lastKnownFileType = sourcecode.swift; path = SceneDelegate.swift; sourceTree = "<group>"; };
		2345DE7824AB90BE007723E0 /* ViewController.swift */ = {isa = PBXFileReference; lastKnownFileType = sourcecode.swift; path = ViewController.swift; sourceTree = "<group>"; };
		2345DE7B24AB90BE007723E0 /* Base */ = {isa = PBXFileReference; lastKnownFileType = file.storyboard; name = Base; path = Base.lproj/Main.storyboard; sourceTree = "<group>"; };
		2345DE7D24AB90BF007723E0 /* Assets.xcassets */ = {isa = PBXFileReference; lastKnownFileType = folder.assetcatalog; path = Assets.xcassets; sourceTree = "<group>"; };
		2345DE8024AB90BF007723E0 /* Base */ = {isa = PBXFileReference; lastKnownFileType = file.storyboard; name = Base; path = Base.lproj/LaunchScreen.storyboard; sourceTree = "<group>"; };
		2345DE8224AB90BF007723E0 /* Info.plist */ = {isa = PBXFileReference; lastKnownFileType = text.plist.xml; path = Info.plist; sourceTree = "<group>"; };
		2345DE8824AB947A007723E0 /* GoogleService-Info.plist */ = {isa = PBXFileReference; fileEncoding = 4; lastKnownFileType = text.plist.xml; path = "GoogleService-Info.plist"; sourceTree = "<group>"; };
		2345DE8A24AC6786007723E0 /* LoginViewController.swift */ = {isa = PBXFileReference; lastKnownFileType = sourcecode.swift; path = LoginViewController.swift; sourceTree = "<group>"; };
		2345DE8B24AC6786007723E0 /* LoginViewController.xib */ = {isa = PBXFileReference; lastKnownFileType = file.xib; path = LoginViewController.xib; sourceTree = "<group>"; };
		2924B21F65C38FDC1BA38064 /* Pods_coffeeTime.framework */ = {isa = PBXFileReference; explicitFileType = wrapper.framework; includeInIndex = 0; path = Pods_coffeeTime.framework; sourceTree = BUILT_PRODUCTS_DIR; };
		472990438E6724B3EDC3ED01 /* Pods-coffeeTime.debug.xcconfig */ = {isa = PBXFileReference; includeInIndex = 1; lastKnownFileType = text.xcconfig; name = "Pods-coffeeTime.debug.xcconfig"; path = "Target Support Files/Pods-coffeeTime/Pods-coffeeTime.debug.xcconfig"; sourceTree = "<group>"; };
		FA300AA499A72E2BE5785082 /* Pods-coffeeTime.release.xcconfig */ = {isa = PBXFileReference; includeInIndex = 1; lastKnownFileType = text.xcconfig; name = "Pods-coffeeTime.release.xcconfig"; path = "Target Support Files/Pods-coffeeTime/Pods-coffeeTime.release.xcconfig"; sourceTree = "<group>"; };
/* End PBXFileReference section */

/* Begin PBXFrameworksBuildPhase section */
		2345DE6E24AB90BE007723E0 /* Frameworks */ = {
			isa = PBXFrameworksBuildPhase;
			buildActionMask = 2147483647;
			files = (
				2360D7A324AE10B400EB3849 /* Pods_coffeeTime.framework in Frameworks */,
			);
			runOnlyForDeploymentPostprocessing = 0;
		};
/* End PBXFrameworksBuildPhase section */

/* Begin PBXGroup section */
		2345DE6824AB90BE007723E0 = {
			isa = PBXGroup;
			children = (
				2345DE7324AB90BE007723E0 /* coffeeTime */,
				2345DE7224AB90BE007723E0 /* Products */,
				9EC3841A840E60B0FAB87C2D /* Pods */,
				D7E1D1F576432F58EC9F85B7 /* Frameworks */,
			);
			sourceTree = "<group>";
		};
		2345DE7224AB90BE007723E0 /* Products */ = {
			isa = PBXGroup;
			children = (
				2345DE7124AB90BE007723E0 /* coffeeTime.app */,
			);
			name = Products;
			sourceTree = "<group>";
		};
		2345DE7324AB90BE007723E0 /* coffeeTime */ = {
			isa = PBXGroup;
			children = (
				2345DE7424AB90BE007723E0 /* AppDelegate.swift */,
				2345DE7624AB90BE007723E0 /* SceneDelegate.swift */,
				2345DE8A24AC6786007723E0 /* LoginViewController.swift */,
				2345DE8B24AC6786007723E0 /* LoginViewController.xib */,
				2345DE7824AB90BE007723E0 /* ViewController.swift */,
				2345DE7A24AB90BE007723E0 /* Main.storyboard */,
				2345DE7D24AB90BF007723E0 /* Assets.xcassets */,
				2345DE7F24AB90BF007723E0 /* LaunchScreen.storyboard */,
				2345DE8224AB90BF007723E0 /* Info.plist */,
				2345DE8824AB947A007723E0 /* GoogleService-Info.plist */,
			);
			path = coffeeTime;
			sourceTree = "<group>";
		};
		9EC3841A840E60B0FAB87C2D /* Pods */ = {
			isa = PBXGroup;
			children = (
				472990438E6724B3EDC3ED01 /* Pods-coffeeTime.debug.xcconfig */,
				FA300AA499A72E2BE5785082 /* Pods-coffeeTime.release.xcconfig */,
			);
			path = Pods;
			sourceTree = "<group>";
		};
		D7E1D1F576432F58EC9F85B7 /* Frameworks */ = {
			isa = PBXGroup;
			children = (
				2924B21F65C38FDC1BA38064 /* Pods_coffeeTime.framework */,
			);
			name = Frameworks;
			sourceTree = "<group>";
		};
/* End PBXGroup section */

/* Begin PBXNativeTarget section */
		2345DE7024AB90BE007723E0 /* coffeeTime */ = {
			isa = PBXNativeTarget;
			buildConfigurationList = 2345DE8524AB90BF007723E0 /* Build configuration list for PBXNativeTarget "coffeeTime" */;
			buildPhases = (
				8EBACB86F0D68337A8B632E1 /* [CP] Check Pods Manifest.lock */,
				2345DE6D24AB90BE007723E0 /* Sources */,
				2345DE6E24AB90BE007723E0 /* Frameworks */,
				2345DE6F24AB90BE007723E0 /* Resources */,
				83E5D17FA6FBD9F94E52EE84 /* [CP] Embed Pods Frameworks */,
				B69EE0C6C19C14DD14A0365D /* [CP] Copy Pods Resources */,
				2360D7A524AE10B400EB3849 /* Embed Frameworks */,
			);
			buildRules = (
			);
			dependencies = (
			);
			name = coffeeTime;
			productName = coffeeTime;
			productReference = 2345DE7124AB90BE007723E0 /* coffeeTime.app */;
			productType = "com.apple.product-type.application";
		};
/* End PBXNativeTarget section */

/* Begin PBXProject section */
		2345DE6924AB90BE007723E0 /* Project object */ = {
			isa = PBXProject;
			attributes = {
				LastSwiftUpdateCheck = 1150;
				LastUpgradeCheck = 1150;
				ORGANIZATIONNAME = "Keita Suzuki";
				TargetAttributes = {
					2345DE7024AB90BE007723E0 = {
						CreatedOnToolsVersion = 11.5;
					};
				};
			};
			buildConfigurationList = 2345DE6C24AB90BE007723E0 /* Build configuration list for PBXProject "coffeeTime" */;
			compatibilityVersion = "Xcode 9.3";
			developmentRegion = en;
			hasScannedForEncodings = 0;
			knownRegions = (
				en,
				Base,
			);
			mainGroup = 2345DE6824AB90BE007723E0;
			productRefGroup = 2345DE7224AB90BE007723E0 /* Products */;
			projectDirPath = "";
			projectRoot = "";
			targets = (
				2345DE7024AB90BE007723E0 /* coffeeTime */,
			);
		};
/* End PBXProject section */

/* Begin PBXResourcesBuildPhase section */
		2345DE6F24AB90BE007723E0 /* Resources */ = {
			isa = PBXResourcesBuildPhase;
			buildActionMask = 2147483647;
			files = (
				2345DE8D24AC6786007723E0 /* LoginViewController.xib in Resources */,
				2345DE8124AB90BF007723E0 /* LaunchScreen.storyboard in Resources */,
				2345DE8924AB947A007723E0 /* GoogleService-Info.plist in Resources */,
				2345DE7E24AB90BF007723E0 /* Assets.xcassets in Resources */,
				2345DE7C24AB90BE007723E0 /* Main.storyboard in Resources */,
			);
			runOnlyForDeploymentPostprocessing = 0;
		};
/* End PBXResourcesBuildPhase section */

/* Begin PBXShellScriptBuildPhase section */
		83E5D17FA6FBD9F94E52EE84 /* [CP] Embed Pods Frameworks */ = {
			isa = PBXShellScriptBuildPhase;
			buildActionMask = 2147483647;
			files = (
			);
			inputFileListPaths = (
				"${PODS_ROOT}/Target Support Files/Pods-coffeeTime/Pods-coffeeTime-frameworks-${CONFIGURATION}-input-files.xcfilelist",
			);
			name = "[CP] Embed Pods Frameworks";
			outputFileListPaths = (
				"${PODS_ROOT}/Target Support Files/Pods-coffeeTime/Pods-coffeeTime-frameworks-${CONFIGURATION}-output-files.xcfilelist",
			);
			runOnlyForDeploymentPostprocessing = 0;
			shellPath = /bin/sh;
			shellScript = "\"${PODS_ROOT}/Target Support Files/Pods-coffeeTime/Pods-coffeeTime-frameworks.sh\"\n";
			showEnvVarsInLog = 0;
		};
		8EBACB86F0D68337A8B632E1 /* [CP] Check Pods Manifest.lock */ = {
			isa = PBXShellScriptBuildPhase;
			buildActionMask = 2147483647;
			files = (
			);
			inputFileListPaths = (
			);
			inputPaths = (
				"${PODS_PODFILE_DIR_PATH}/Podfile.lock",
				"${PODS_ROOT}/Manifest.lock",
			);
			name = "[CP] Check Pods Manifest.lock";
			outputFileListPaths = (
			);
			outputPaths = (
				"$(DERIVED_FILE_DIR)/Pods-coffeeTime-checkManifestLockResult.txt",
			);
			runOnlyForDeploymentPostprocessing = 0;
			shellPath = /bin/sh;
			shellScript = "diff \"${PODS_PODFILE_DIR_PATH}/Podfile.lock\" \"${PODS_ROOT}/Manifest.lock\" > /dev/null\nif [ $? != 0 ] ; then\n    # print error to STDERR\n    echo \"error: The sandbox is not in sync with the Podfile.lock. Run 'pod install' or update your CocoaPods installation.\" >&2\n    exit 1\nfi\n# This output is used by Xcode 'outputs' to avoid re-running this script phase.\necho \"SUCCESS\" > \"${SCRIPT_OUTPUT_FILE_0}\"\n";
			showEnvVarsInLog = 0;
		};
		B69EE0C6C19C14DD14A0365D /* [CP] Copy Pods Resources */ = {
			isa = PBXShellScriptBuildPhase;
			buildActionMask = 2147483647;
			files = (
			);
			inputFileListPaths = (
				"${PODS_ROOT}/Target Support Files/Pods-coffeeTime/Pods-coffeeTime-resources-${CONFIGURATION}-input-files.xcfilelist",
			);
			name = "[CP] Copy Pods Resources";
			outputFileListPaths = (
				"${PODS_ROOT}/Target Support Files/Pods-coffeeTime/Pods-coffeeTime-resources-${CONFIGURATION}-output-files.xcfilelist",
			);
			runOnlyForDeploymentPostprocessing = 0;
			shellPath = /bin/sh;
			shellScript = "\"${PODS_ROOT}/Target Support Files/Pods-coffeeTime/Pods-coffeeTime-resources.sh\"\n";
			showEnvVarsInLog = 0;
		};
/* End PBXShellScriptBuildPhase section */

/* Begin PBXSourcesBuildPhase section */
		2345DE6D24AB90BE007723E0 /* Sources */ = {
			isa = PBXSourcesBuildPhase;
			buildActionMask = 2147483647;
			files = (
				2345DE8C24AC6786007723E0 /* LoginViewController.swift in Sources */,
				2345DE7924AB90BE007723E0 /* ViewController.swift in Sources */,
				2345DE7524AB90BE007723E0 /* AppDelegate.swift in Sources */,
				2345DE7724AB90BE007723E0 /* SceneDelegate.swift in Sources */,
			);
			runOnlyForDeploymentPostprocessing = 0;
		};
/* End PBXSourcesBuildPhase section */

/* Begin PBXVariantGroup section */
		2345DE7A24AB90BE007723E0 /* Main.storyboard */ = {
			isa = PBXVariantGroup;
			children = (
				2345DE7B24AB90BE007723E0 /* Base */,
			);
			name = Main.storyboard;
			sourceTree = "<group>";
		};
		2345DE7F24AB90BF007723E0 /* LaunchScreen.storyboard */ = {
			isa = PBXVariantGroup;
			children = (
				2345DE8024AB90BF007723E0 /* Base */,
			);
			name = LaunchScreen.storyboard;
			sourceTree = "<group>";
		};
/* End PBXVariantGroup section */

/* Begin XCBuildConfiguration section */
		2345DE8324AB90BF007723E0 /* Debug */ = {
			isa = XCBuildConfiguration;
			buildSettings = {
				ALWAYS_SEARCH_USER_PATHS = NO;
				CLANG_ANALYZER_NONNULL = YES;
				CLANG_ANALYZER_NUMBER_OBJECT_CONVERSION = YES_AGGRESSIVE;
				CLANG_CXX_LANGUAGE_STANDARD = "gnu++14";
				CLANG_CXX_LIBRARY = "libc++";
				CLANG_ENABLE_MODULES = YES;
				CLANG_ENABLE_OBJC_ARC = YES;
				CLANG_ENABLE_OBJC_WEAK = YES;
				CLANG_WARN_BLOCK_CAPTURE_AUTORELEASING = YES;
				CLANG_WARN_BOOL_CONVERSION = YES;
				CLANG_WARN_COMMA = YES;
				CLANG_WARN_CONSTANT_CONVERSION = YES;
				CLANG_WARN_DEPRECATED_OBJC_IMPLEMENTATIONS = YES;
				CLANG_WARN_DIRECT_OBJC_ISA_USAGE = YES_ERROR;
				CLANG_WARN_DOCUMENTATION_COMMENTS = YES;
				CLANG_WARN_EMPTY_BODY = YES;
				CLANG_WARN_ENUM_CONVERSION = YES;
				CLANG_WARN_INFINITE_RECURSION = YES;
				CLANG_WARN_INT_CONVERSION = YES;
				CLANG_WARN_NON_LITERAL_NULL_CONVERSION = YES;
				CLANG_WARN_OBJC_IMPLICIT_RETAIN_SELF = YES;
				CLANG_WARN_OBJC_LITERAL_CONVERSION = YES;
				CLANG_WARN_OBJC_ROOT_CLASS = YES_ERROR;
				CLANG_WARN_RANGE_LOOP_ANALYSIS = YES;
				CLANG_WARN_STRICT_PROTOTYPES = YES;
				CLANG_WARN_SUSPICIOUS_MOVE = YES;
				CLANG_WARN_UNGUARDED_AVAILABILITY = YES_AGGRESSIVE;
				CLANG_WARN_UNREACHABLE_CODE = YES;
				CLANG_WARN__DUPLICATE_METHOD_MATCH = YES;
				COPY_PHASE_STRIP = NO;
				DEBUG_INFORMATION_FORMAT = dwarf;
				ENABLE_STRICT_OBJC_MSGSEND = YES;
				ENABLE_TESTABILITY = YES;
				GCC_C_LANGUAGE_STANDARD = gnu11;
				GCC_DYNAMIC_NO_PIC = NO;
				GCC_NO_COMMON_BLOCKS = YES;
				GCC_OPTIMIZATION_LEVEL = 0;
				GCC_PREPROCESSOR_DEFINITIONS = (
					"DEBUG=1",
					"$(inherited)",
				);
				GCC_WARN_64_TO_32_BIT_CONVERSION = YES;
				GCC_WARN_ABOUT_RETURN_TYPE = YES_ERROR;
				GCC_WARN_UNDECLARED_SELECTOR = YES;
				GCC_WARN_UNINITIALIZED_AUTOS = YES_AGGRESSIVE;
				GCC_WARN_UNUSED_FUNCTION = YES;
				GCC_WARN_UNUSED_VARIABLE = YES;
				IPHONEOS_DEPLOYMENT_TARGET = 13.5;
				MTL_ENABLE_DEBUG_INFO = INCLUDE_SOURCE;
				MTL_FAST_MATH = YES;
				ONLY_ACTIVE_ARCH = YES;
				SDKROOT = iphoneos;
				SWIFT_ACTIVE_COMPILATION_CONDITIONS = DEBUG;
				SWIFT_OPTIMIZATION_LEVEL = "-Onone";
			};
			name = Debug;
		};
		2345DE8424AB90BF007723E0 /* Release */ = {
			isa = XCBuildConfiguration;
			buildSettings = {
				ALWAYS_SEARCH_USER_PATHS = NO;
				CLANG_ANALYZER_NONNULL = YES;
				CLANG_ANALYZER_NUMBER_OBJECT_CONVERSION = YES_AGGRESSIVE;
				CLANG_CXX_LANGUAGE_STANDARD = "gnu++14";
				CLANG_CXX_LIBRARY = "libc++";
				CLANG_ENABLE_MODULES = YES;
				CLANG_ENABLE_OBJC_ARC = YES;
				CLANG_ENABLE_OBJC_WEAK = YES;
				CLANG_WARN_BLOCK_CAPTURE_AUTORELEASING = YES;
				CLANG_WARN_BOOL_CONVERSION = YES;
				CLANG_WARN_COMMA = YES;
				CLANG_WARN_CONSTANT_CONVERSION = YES;
				CLANG_WARN_DEPRECATED_OBJC_IMPLEMENTATIONS = YES;
				CLANG_WARN_DIRECT_OBJC_ISA_USAGE = YES_ERROR;
				CLANG_WARN_DOCUMENTATION_COMMENTS = YES;
				CLANG_WARN_EMPTY_BODY = YES;
				CLANG_WARN_ENUM_CONVERSION = YES;
				CLANG_WARN_INFINITE_RECURSION = YES;
				CLANG_WARN_INT_CONVERSION = YES;
				CLANG_WARN_NON_LITERAL_NULL_CONVERSION = YES;
				CLANG_WARN_OBJC_IMPLICIT_RETAIN_SELF = YES;
				CLANG_WARN_OBJC_LITERAL_CONVERSION = YES;
				CLANG_WARN_OBJC_ROOT_CLASS = YES_ERROR;
				CLANG_WARN_RANGE_LOOP_ANALYSIS = YES;
				CLANG_WARN_STRICT_PROTOTYPES = YES;
				CLANG_WARN_SUSPICIOUS_MOVE = YES;
				CLANG_WARN_UNGUARDED_AVAILABILITY = YES_AGGRESSIVE;
				CLANG_WARN_UNREACHABLE_CODE = YES;
				CLANG_WARN__DUPLICATE_METHOD_MATCH = YES;
				COPY_PHASE_STRIP = NO;
				DEBUG_INFORMATION_FORMAT = "dwarf-with-dsym";
				ENABLE_NS_ASSERTIONS = NO;
				ENABLE_STRICT_OBJC_MSGSEND = YES;
				GCC_C_LANGUAGE_STANDARD = gnu11;
				GCC_NO_COMMON_BLOCKS = YES;
				GCC_WARN_64_TO_32_BIT_CONVERSION = YES;
				GCC_WARN_ABOUT_RETURN_TYPE = YES_ERROR;
				GCC_WARN_UNDECLARED_SELECTOR = YES;
				GCC_WARN_UNINITIALIZED_AUTOS = YES_AGGRESSIVE;
				GCC_WARN_UNUSED_FUNCTION = YES;
				GCC_WARN_UNUSED_VARIABLE = YES;
				IPHONEOS_DEPLOYMENT_TARGET = 13.5;
				MTL_ENABLE_DEBUG_INFO = NO;
				MTL_FAST_MATH = YES;
				SDKROOT = iphoneos;
				SWIFT_COMPILATION_MODE = wholemodule;
				SWIFT_OPTIMIZATION_LEVEL = "-O";
				VALIDATE_PRODUCT = YES;
			};
			name = Release;
		};
		2345DE8624AB90BF007723E0 /* Debug */ = {
			isa = XCBuildConfiguration;
			baseConfigurationReference = 472990438E6724B3EDC3ED01 /* Pods-coffeeTime.debug.xcconfig */;
			buildSettings = {
				ASSETCATALOG_COMPILER_APPICON_NAME = AppIcon;
				CODE_SIGN_STYLE = Automatic;
				DEVELOPMENT_TEAM = QCQB8X6PBG;
				INFOPLIST_FILE = coffeeTime/Info.plist;
				LD_RUNPATH_SEARCH_PATHS = (
					"$(inherited)",
					"@executable_path/Frameworks",
				);
				PRODUCT_BUNDLE_IDENTIFIER = gs16.coffeeTime;
				PRODUCT_NAME = "$(TARGET_NAME)";
				SWIFT_VERSION = 5.0;
				TARGETED_DEVICE_FAMILY = "1,2";
			};
			name = Debug;
		};
		2345DE8724AB90BF007723E0 /* Release */ = {
			isa = XCBuildConfiguration;
			baseConfigurationReference = FA300AA499A72E2BE5785082 /* Pods-coffeeTime.release.xcconfig */;
			buildSettings = {
				ASSETCATALOG_COMPILER_APPICON_NAME = AppIcon;
				CODE_SIGN_STYLE = Automatic;
				DEVELOPMENT_TEAM = QCQB8X6PBG;
				INFOPLIST_FILE = coffeeTime/Info.plist;
				LD_RUNPATH_SEARCH_PATHS = (
					"$(inherited)",
					"@executable_path/Frameworks",
				);
				PRODUCT_BUNDLE_IDENTIFIER = gs16.coffeeTime;
				PRODUCT_NAME = "$(TARGET_NAME)";
				SWIFT_VERSION = 5.0;
				TARGETED_DEVICE_FAMILY = "1,2";
			};
			name = Release;
		};
/* End XCBuildConfiguration section */

/* Begin XCConfigurationList section */
		2345DE6C24AB90BE007723E0 /* Build configuration list for PBXProject "coffeeTime" */ = {
			isa = XCConfigurationList;
			buildConfigurations = (
				2345DE8324AB90BF007723E0 /* Debug */,
				2345DE8424AB90BF007723E0 /* Release */,
			);
			defaultConfigurationIsVisible = 0;
			defaultConfigurationName = Release;
		};
		2345DE8524AB90BF007723E0 /* Build configuration list for PBXNativeTarget "coffeeTime" */ = {
			isa = XCConfigurationList;
			buildConfigurations = (
				2345DE8624AB90BF007723E0 /* Debug */,
				2345DE8724AB90BF007723E0 /* Release */,
			);
			defaultConfigurationIsVisible = 0;
			defaultConfigurationName = Release;
		};
/* End XCConfigurationList section */
	};
	rootObject = 2345DE6924AB90BE007723E0 /* Project object */;
}
